
Microsoft Visual Studio Solution File, Format Version 12.00
# Visual Studio Version 17
VisualStudioVersion = 17.2.32616.157
MinimumVisualStudioVersion = 10.0.40219.1
Project("{FAE04EC0-301F-11D3-BF4B-00C04F79EFBC}") = "Flaschen_Generics", "Flaschen_Generics\Flaschen_Generics.csproj", "{F65652F3-36BF-4114-80D0-D07E1C904225}"
EndProject
Global
	GlobalSection(SolutionConfigurationPlatforms) = preSolution
		Debug|Any CPU = Debug|Any CPU
		Release|Any CPU = Release|Any CPU
	EndGlobalSection
	GlobalSection(ProjectConfigurationPlatforms) = postSolution
		{F65652F3-36BF-4114-80D0-D07E1C904225}.Debug|Any CPU.ActiveCfg = Debug|Any CPU
		{F65652F3-36BF-4114-80D0-D07E1C904225}.Debug|Any CPU.Build.0 = Debug|Any CPU
		{F65652F3-36BF-4114-80D0-D07E1C904225}.Release|Any CPU.ActiveCfg = Release|Any CPU
		{F65652F3-36BF-4114-80D0-D07E1C904225}.Release|Any CPU.Build.0 = Release|Any CPU
	EndGlobalSection
	GlobalSection(SolutionProperties) = preSolution
		HideSolutionNode = FALSE
	EndGlobalSection
	GlobalSection(ExtensibilityGlobals) = postSolution
		SolutionGuid = {8406411A-C78E-4418-B461-4865B21E820A}
	EndGlobalSection
EndGlobal
